
Microsoft Visual Studio Solution File, Format Version 12.00
# Visual Studio Version 16
VisualStudioVersion = 16.0.29411.108
MinimumVisualStudioVersion = 10.0.40219.1
Project("{FAE04EC0-301F-11D3-BF4B-00C04F79EFBC}") = "CommonAsync", "CommonAsync\CommonAsync.csproj", "{0CB91651-1B76-465B-AB4A-088D3557C240}"
EndProject
Project("{FAE04EC0-301F-11D3-BF4B-00C04F79EFBC}") = "AspNetWeb", "AspNetWeb\AspNetWeb.csproj", "{9F8AECA0-BCF3-4956-8ED5-91D9103EE9F8}"
EndProject
Global
	GlobalSection(SolutionConfigurationPlatforms) = preSolution
		Debug|Any CPU = Debug|Any CPU
		Release|Any CPU = Release|Any CPU
	EndGlobalSection
	GlobalSection(ProjectConfigurationPlatforms) = postSolution
		{0CB91651-1B76-465B-AB4A-088D3557C240}.Debug|Any CPU.ActiveCfg = Debug|Any CPU
		{0CB91651-1B76-465B-AB4A-088D3557C240}.Debug|Any CPU.Build.0 = Debug|Any CPU
		{0CB91651-1B76-465B-AB4A-088D3557C240}.Release|Any CPU.ActiveCfg = Release|Any CPU
		{0CB91651-1B76-465B-AB4A-088D3557C240}.Release|Any CPU.Build.0 = Release|Any CPU
		{9F8AECA0-BCF3-4956-8ED5-91D9103EE9F8}.Debug|Any CPU.ActiveCfg = Debug|Any CPU
		{9F8AECA0-BCF3-4956-8ED5-91D9103EE9F8}.Debug|Any CPU.Build.0 = Debug|Any CPU
		{9F8AECA0-BCF3-4956-8ED5-91D9103EE9F8}.Release|Any CPU.ActiveCfg = Release|Any CPU
		{9F8AECA0-BCF3-4956-8ED5-91D9103EE9F8}.Release|Any CPU.Build.0 = Release|Any CPU
	EndGlobalSection
	GlobalSection(SolutionProperties) = preSolution
		HideSolutionNode = FALSE
	EndGlobalSection
	GlobalSection(ExtensibilityGlobals) = postSolution
		SolutionGuid = {C137126F-08EC-4E9A-B60F-C17020BD3F5C}
	EndGlobalSection
EndGlobal
